<Solution>
  <Folder Name="/Solution Items/">
    <File Path=".editorconfig" />
    <File Path="Directory.Build.props" />
    <File Path="Directory.Build.targets" />
    <File Path="Directory.Packages.props" />
    <File Path="global.json" />
    <File Path="NuGet.config" />
    <File Path="README.md" />
  </Folder>
  <Project Path="TrxLib.AotSample/TrxLib.AotSample.csproj" />
  <Project Path="TrxLib.Tests/TrxLib.Tests.csproj" />
  <Project Path="TrxLib/TrxLib.csproj" />
</Solution>
